# This file is automatically @generated by Poetry 1.5.1 and should not be changed by hand.

[[package]]
name = "fire"
version = "0.5.0"
description = "A library for automatically generating command line interfaces."
optional = false
python-versions = "*"
files = [
    {file = "fire-0.5.0.tar.gz", hash = "sha256:a6b0d49e98c8963910021f92bba66f65ab440da2982b78eb1bbf95a0a34aacc6"},
]

[package.dependencies]
six = "*"
termcolor = "*"

[[package]]
name = "muutils"
version = "0.5.1"
description = "A collection of miscellaneous python utilities"
optional = false
python-versions = ">=3.10,<4.0"
files = [
    {file = "muutils-0.5.1-py3-none-any.whl", hash = "sha256:9c4c94f263e7fe05a42ca1468f81725371300646bc66f00411502c49013f273b"},
    {file = "muutils-0.5.1.tar.gz", hash = "sha256:498981918bb49926a03e0499869aaa73f8f65db34943105a1f3ef0939de81d61"},
]

[package.extras]
array = ["jaxtyping (>=0.2.12,<0.3.0)", "numpy (>=1.22.4,<2.0.0)", "torch (>=1.13.1)"]

[[package]]
name = "networkx"
version = "3.1"
description = "Python package for creating and manipulating graphs and networks"
optional = false
python-versions = ">=3.8"
files = [
    {file = "networkx-3.1-py3-none-any.whl", hash = "sha256:4f33f68cb2afcf86f28a45f43efc27a9386b535d567d2127f8f61d51dec58d36"},
    {file = "networkx-3.1.tar.gz", hash = "sha256:de346335408f84de0eada6ff9fafafff9bcda11f0a0dfaa931133debb146ab61"},
]

[package.extras]
default = ["matplotlib (>=3.4)", "numpy (>=1.20)", "pandas (>=1.3)", "scipy (>=1.8)"]
developer = ["mypy (>=1.1)", "pre-commit (>=3.2)"]
doc = ["nb2plots (>=0.6)", "numpydoc (>=1.5)", "pillow (>=9.4)", "pydata-sphinx-theme (>=0.13)", "sphinx (>=6.1)", "sphinx-gallery (>=0.12)", "texext (>=0.6.7)"]
extra = ["lxml (>=4.6)", "pydot (>=1.4.2)", "pygraphviz (>=1.10)", "sympy (>=1.10)"]
test = ["codecov (>=2.1)", "pytest (>=7.2)", "pytest-cov (>=4.0)"]

[[package]]
name = "pydot"
version = "1.4.2"
description = "Python interface to Graphviz's Dot"
optional = false
python-versions = ">=2.7, !=3.0.*, !=3.1.*, !=3.2.*, !=3.3.*"
files = [
    {file = "pydot-1.4.2-py2.py3-none-any.whl", hash = "sha256:66c98190c65b8d2e2382a441b4c0edfdb4f4c025ef9cb9874de478fb0793a451"},
    {file = "pydot-1.4.2.tar.gz", hash = "sha256:248081a39bcb56784deb018977e428605c1c758f10897a339fce1dd728ff007d"},
]

[package.dependencies]
pyparsing = ">=2.1.4"

[[package]]
name = "pyparsing"
version = "3.1.1"
description = "pyparsing module - Classes and methods to define and execute parsing grammars"
optional = false
python-versions = ">=3.6.8"
files = [
    {file = "pyparsing-3.1.1-py3-none-any.whl", hash = "sha256:32c7c0b711493c72ff18a981d24f28aaf9c1fb7ed5e9667c9e84e3db623bdbfb"},
    {file = "pyparsing-3.1.1.tar.gz", hash = "sha256:ede28a1a32462f5a9705e07aea48001a08f7cf81a021585011deba701581a0db"},
]

[package.extras]
diagrams = ["jinja2", "railroad-diagrams"]

[[package]]
name = "six"
version = "1.16.0"
description = "Python 2 and 3 compatibility utilities"
optional = false
python-versions = ">=2.7, !=3.0.*, !=3.1.*, !=3.2.*"
files = [
    {file = "six-1.16.0-py2.py3-none-any.whl", hash = "sha256:8abb2f1d86890a2dfb989f9a77cfcfd3e47c2a354b01111771326f8aa26e0254"},
    {file = "six-1.16.0.tar.gz", hash = "sha256:1e61c37477a1626458e36f7b1d82aa5c9b094fa4802892072e49de9c60c4c926"},
]

[[package]]
name = "termcolor"
version = "2.3.0"
description = "ANSI color formatting for output in terminal"
optional = false
python-versions = ">=3.7"
files = [
    {file = "termcolor-2.3.0-py3-none-any.whl", hash = "sha256:3afb05607b89aed0ffe25202399ee0867ad4d3cb4180d98aaf8eefa6a5f7d475"},
    {file = "termcolor-2.3.0.tar.gz", hash = "sha256:b5b08f68937f138fe92f6c089b99f1e2da0ae56c52b78bf7075fd95420fd9a5a"},
]

[package.extras]
tests = ["pytest", "pytest-cov"]

[metadata]
lock-version = "2.0"
python-versions = "^3.11"
content-hash = "ad6fe269be8eca47c27f0ce48aa52abf4b3163de3146d2285c8db4df09c6342e"
